
Microsoft Visual Studio Solution File, Format Version 12.00
# Visual Studio Version 17
VisualStudioVersion = 17.13.36105.23 d17.13
MinimumVisualStudioVersion = 10.0.40219.1
Project("{FAE04EC0-301F-11D3-BF4B-00C04F79EFBC}") = "CSC360_Final", "CSC360_Final.csproj", "{8AF69A84-B653-477D-9EF8-1685395E7B4B}"
EndProject
Global
	GlobalSection(SolutionConfigurationPlatforms) = preSolution
		Debug|Any CPU = Debug|Any CPU
		Release|Any CPU = Release|Any CPU
	EndGlobalSection
	GlobalSection(ProjectConfigurationPlatforms) = postSolution
		{8AF69A84-B653-477D-9EF8-1685395E7B4B}.Debug|Any CPU.ActiveCfg = Debug|Any CPU
		{8AF69A84-B653-477D-9EF8-1685395E7B4B}.Debug|Any CPU.Build.0 = Debug|Any CPU
		{8AF69A84-B653-477D-9EF8-1685395E7B4B}.Release|Any CPU.ActiveCfg = Release|Any CPU
		{8AF69A84-B653-477D-9EF8-1685395E7B4B}.Release|Any CPU.Build.0 = Release|Any CPU
	EndGlobalSection
	GlobalSection(SolutionProperties) = preSolution
		HideSolutionNode = FALSE
	EndGlobalSection
	GlobalSection(ExtensibilityGlobals) = postSolution
		SolutionGuid = {7C972324-EF02-42AF-BE0A-3F8912E22BB3}
	EndGlobalSection
EndGlobal
